
Microsoft Visual Studio Solution File, Format Version 12.00
# Visual Studio Version 17
VisualStudioVersion = 17.4.33213.308
MinimumVisualStudioVersion = 10.0.40219.1
Project("{FAE04EC0-301F-11D3-BF4B-00C04F79EFBC}") = "RouteValuesForOptions", "RouteValuesForOptions\RouteValuesForOptions.csproj", "{442F9C66-8E06-486F-B74F-FE65E7DDB524}"
EndProject
Project("{FAE04EC0-301F-11D3-BF4B-00C04F79EFBC}") = "RouteValuesForOptions.Tests", "RouteValuesForOptions.Tests\RouteValuesForOptions.Tests.csproj", "{34B613A7-FBD3-4FCE-B1AF-A38B7E80462F}"
EndProject
Global
	GlobalSection(SolutionConfigurationPlatforms) = preSolution
		Debug|Any CPU = Debug|Any CPU
		Release|Any CPU = Release|Any CPU
	EndGlobalSection
	GlobalSection(ProjectConfigurationPlatforms) = postSolution
		{442F9C66-8E06-486F-B74F-FE65E7DDB524}.Debug|Any CPU.ActiveCfg = Debug|Any CPU
		{442F9C66-8E06-486F-B74F-FE65E7DDB524}.Debug|Any CPU.Build.0 = Debug|Any CPU
		{442F9C66-8E06-486F-B74F-FE65E7DDB524}.Release|Any CPU.ActiveCfg = Release|Any CPU
		{442F9C66-8E06-486F-B74F-FE65E7DDB524}.Release|Any CPU.Build.0 = Release|Any CPU
		{34B613A7-FBD3-4FCE-B1AF-A38B7E80462F}.Debug|Any CPU.ActiveCfg = Debug|Any CPU
		{34B613A7-FBD3-4FCE-B1AF-A38B7E80462F}.Debug|Any CPU.Build.0 = Debug|Any CPU
		{34B613A7-FBD3-4FCE-B1AF-A38B7E80462F}.Release|Any CPU.ActiveCfg = Release|Any CPU
		{34B613A7-FBD3-4FCE-B1AF-A38B7E80462F}.Release|Any CPU.Build.0 = Release|Any CPU
	EndGlobalSection
	GlobalSection(SolutionProperties) = preSolution
		HideSolutionNode = FALSE
	EndGlobalSection
	GlobalSection(ExtensibilityGlobals) = postSolution
		SolutionGuid = {E2F369C9-6437-40EC-83A4-E1B9065F3C6E}
	EndGlobalSection
EndGlobal
